github.com/elastic/go-elasticsearch v0.0.0 h1:Pd5fqOuBxKxv83b0+xOAJDAkziWYwFinWnBO0y+TZaA=
github.com/elastic/go-elasticsearch/v8 v8.0.0-20200630125629-8413c97f3011 h1:o1IWa+rh2kTI2qC8k+Cjwm95QnIQkEFHuSxh4LNOTCM=
github.com/elastic/go-elasticsearch/v8 v8.0.0-20200630125629-8413c97f3011/go.mod h1:xe9a/L2aeOgFKKgrO3ibQTnMdpAeL0GC+5/HpGScSa4=
